
Microsoft Visual Studio Solution File, Format Version 12.00
# Visual Studio 14
VisualStudioVersion = 14.0.24720.0
MinimumVisualStudioVersion = 10.0.40219.1
Project("{FAE04EC0-301F-11D3-BF4B-00C04F79EFBC}") = "Exercise10.1", "Exercise10.1\Exercise10.1.csproj", "{23ADE8AE-23BF-4C11-AC4E-4851033EEFCF}"
EndProject
Project("{FAE04EC0-301F-11D3-BF4B-00C04F79EFBC}") = "Exercise10.2", "Exercise10.2\Exercise10.2.csproj", "{5122912E-06C6-40C7-9212-D16266859C65}"
EndProject
Global
	GlobalSection(SolutionConfigurationPlatforms) = preSolution
		Debug|Any CPU = Debug|Any CPU
		Release|Any CPU = Release|Any CPU
	EndGlobalSection
	GlobalSection(ProjectConfigurationPlatforms) = postSolution
		{23ADE8AE-23BF-4C11-AC4E-4851033EEFCF}.Debug|Any CPU.ActiveCfg = Debug|Any CPU
		{23ADE8AE-23BF-4C11-AC4E-4851033EEFCF}.Debug|Any CPU.Build.0 = Debug|Any CPU
		{23ADE8AE-23BF-4C11-AC4E-4851033EEFCF}.Release|Any CPU.ActiveCfg = Release|Any CPU
		{23ADE8AE-23BF-4C11-AC4E-4851033EEFCF}.Release|Any CPU.Build.0 = Release|Any CPU
		{5122912E-06C6-40C7-9212-D16266859C65}.Debug|Any CPU.ActiveCfg = Debug|Any CPU
		{5122912E-06C6-40C7-9212-D16266859C65}.Debug|Any CPU.Build.0 = Debug|Any CPU
		{5122912E-06C6-40C7-9212-D16266859C65}.Release|Any CPU.ActiveCfg = Release|Any CPU
		{5122912E-06C6-40C7-9212-D16266859C65}.Release|Any CPU.Build.0 = Release|Any CPU
	EndGlobalSection
	GlobalSection(SolutionProperties) = preSolution
		HideSolutionNode = FALSE
	EndGlobalSection
EndGlobal
