
Microsoft Visual Studio Solution File, Format Version 12.00
# Visual Studio 14
VisualStudioVersion = 14.0.24720.0
MinimumVisualStudioVersion = 10.0.40219.1
Project("{FAE04EC0-301F-11D3-BF4B-00C04F79EFBC}") = "Exercise7.1", "Exercise7.1\Exercise7.1.csproj", "{D477554E-9A13-44F3-8D42-2ED683C72257}"
EndProject
Project("{FAE04EC0-301F-11D3-BF4B-00C04F79EFBC}") = "Exercite7.2", "Exercite7.2\Exercite7.2.csproj", "{5150949C-FC2D-4AA3-A950-ACF570A2212E}"
EndProject
Global
	GlobalSection(SolutionConfigurationPlatforms) = preSolution
		Debug|Any CPU = Debug|Any CPU
		Release|Any CPU = Release|Any CPU
	EndGlobalSection
	GlobalSection(ProjectConfigurationPlatforms) = postSolution
		{D477554E-9A13-44F3-8D42-2ED683C72257}.Debug|Any CPU.ActiveCfg = Debug|Any CPU
		{D477554E-9A13-44F3-8D42-2ED683C72257}.Debug|Any CPU.Build.0 = Debug|Any CPU
		{D477554E-9A13-44F3-8D42-2ED683C72257}.Release|Any CPU.ActiveCfg = Release|Any CPU
		{D477554E-9A13-44F3-8D42-2ED683C72257}.Release|Any CPU.Build.0 = Release|Any CPU
		{5150949C-FC2D-4AA3-A950-ACF570A2212E}.Debug|Any CPU.ActiveCfg = Debug|Any CPU
		{5150949C-FC2D-4AA3-A950-ACF570A2212E}.Debug|Any CPU.Build.0 = Debug|Any CPU
		{5150949C-FC2D-4AA3-A950-ACF570A2212E}.Release|Any CPU.ActiveCfg = Release|Any CPU
		{5150949C-FC2D-4AA3-A950-ACF570A2212E}.Release|Any CPU.Build.0 = Release|Any CPU
	EndGlobalSection
	GlobalSection(SolutionProperties) = preSolution
		HideSolutionNode = FALSE
	EndGlobalSection
EndGlobal
